
Microsoft Visual Studio Solution File, Format Version 12.00
# Visual Studio 2012
Project("{FAE04EC0-301F-11D3-BF4B-00C04F79EFBC}") = "Problem2", "Problem2\Problem2.csproj", "{6E0E7BB5-9548-49F1-9767-F16AF4B8B770}"
EndProject
Global
	GlobalSection(SolutionConfigurationPlatforms) = preSolution
		Debug|x86 = Debug|x86
		Release|x86 = Release|x86
	EndGlobalSection
	GlobalSection(ProjectConfigurationPlatforms) = postSolution
		{6E0E7BB5-9548-49F1-9767-F16AF4B8B770}.Debug|x86.ActiveCfg = Debug|x86
		{6E0E7BB5-9548-49F1-9767-F16AF4B8B770}.Debug|x86.Build.0 = Debug|x86
		{6E0E7BB5-9548-49F1-9767-F16AF4B8B770}.Release|x86.ActiveCfg = Release|x86
		{6E0E7BB5-9548-49F1-9767-F16AF4B8B770}.Release|x86.Build.0 = Release|x86
	EndGlobalSection
EndGlobal
